{
  "name": "webpackcomplement",
  "version": "1.0.0",
  "lockfileVersion": 1,
  "requires": true,
  "dependencies": {
    "@types/node": {
      "version": "6.0.110",
      "resolved": "https://registry.npmjs.org/@types/node/-/node-6.0.110.tgz",
      "integrity": "sha512-LiaH3mF+OAqR+9Wo1OTJDbZDtCewAVjTbMhF1ZgUJ3fc8xqOJq6VqbpBh9dJVCVzByGmYIg2fREbuXNX0TKiJA=="
    },
    "@types/tapable": {
      "version": "1.0.2",
      "resolved": "https://registry.npmjs.org/@types/tapable/-/tapable-1.0.2.tgz",
      "integrity": "sha512-42zEJkBpNfMEAvWR5WlwtTH22oDzcMjFsL9gDGExwF8X8WvAiw7Vwop7hPw03QT8TKfec83LwbHj6SvpqM4ELQ=="
    },
    "@types/uglify-js": {
      "version": "3.0.2",
      "resolved": "https://registry.npmjs.org/@types/uglify-js/-/uglify-js-3.0.2.tgz",
      "integrity": "sha512-o8hU2+4xsyGC27Vujoklvxl88Ew5zmJuTBYMX1Uro2rYUt4HEFJKL6fuq8aGykvS+ssIsIzerWWP2DRxonownQ==",
      "requires": {
        "source-map": "0.6.1"
      }
    },
    "@types/webpack": {
      "version": "4.1.6",
      "resolved": "https://registry.npmjs.org/@types/webpack/-/webpack-4.1.6.tgz",
      "integrity": "sha512-pEOo6ZC6aZSqsYF9Ntx4mm/Zb9h45a/St2ajHa6grSInUP9txsbylbnYZoFq6d4mgPLk/22c8B8BrJNWk5HF2Q==",
      "requires": {
        "@types/node": "6.0.110",
        "@types/tapable": "1.0.2",
        "@types/uglify-js": "3.0.2",
        "source-map": "0.6.1"
      }
    },
    "source-map": {
      "version": "0.6.1",
      "resolved": "https://registry.npmjs.org/source-map/-/source-map-0.6.1.tgz",
      "integrity": "sha512-UjgapumWlbMhkBgzT7Ykc5YXUT46F0iKu8SGXq0bcwP5dz/h0Plj6enJqjz1Zbq2l5WaqYnrVbwWOWMyF3F47g=="
    }
  }
}
